
Microsoft Visual Studio Solution File, Format Version 12.00
# Visual Studio Version 17
VisualStudioVersion = 17.5.002.0
MinimumVisualStudioVersion = 10.0.40219.1
Project("{9A19103F-16F7-4668-BE54-9A1E7A4F7556}") = "repaso_c#", "repaso_c#.csproj", "{D5F35E5A-3C8D-4B86-9D56-E135CF5FBFF6}"
EndProject
Global
	GlobalSection(SolutionConfigurationPlatforms) = preSolution
		Debug|Any CPU = Debug|Any CPU
		Release|Any CPU = Release|Any CPU
	EndGlobalSection
	GlobalSection(ProjectConfigurationPlatforms) = postSolution
		{D5F35E5A-3C8D-4B86-9D56-E135CF5FBFF6}.Debug|Any CPU.ActiveCfg = Debug|Any CPU
		{D5F35E5A-3C8D-4B86-9D56-E135CF5FBFF6}.Debug|Any CPU.Build.0 = Debug|Any CPU
		{D5F35E5A-3C8D-4B86-9D56-E135CF5FBFF6}.Release|Any CPU.ActiveCfg = Release|Any CPU
		{D5F35E5A-3C8D-4B86-9D56-E135CF5FBFF6}.Release|Any CPU.Build.0 = Release|Any CPU
	EndGlobalSection
	GlobalSection(SolutionProperties) = preSolution
		HideSolutionNode = FALSE
	EndGlobalSection
	GlobalSection(ExtensibilityGlobals) = postSolution
		SolutionGuid = {274356D9-1379-41FF-A28A-F68F55FAB419}
	EndGlobalSection
EndGlobal
